
Microsoft Visual Studio Solution File, Format Version 12.00
# Visual Studio Version 16
VisualStudioVersion = 16.0.30717.126
MinimumVisualStudioVersion = 10.0.40219.1
Project("{FAE04EC0-301F-11D3-BF4B-00C04F79EFBC}") = "RelatoriosFast", "RelatoriosFast\RelatoriosFast.csproj", "{3B8DFEAF-0C16-4841-AED5-8B68033B16C0}"
EndProject
Global
	GlobalSection(SolutionConfigurationPlatforms) = preSolution
		Debug|Any CPU = Debug|Any CPU
		Release|Any CPU = Release|Any CPU
	EndGlobalSection
	GlobalSection(ProjectConfigurationPlatforms) = postSolution
		{3B8DFEAF-0C16-4841-AED5-8B68033B16C0}.Debug|Any CPU.ActiveCfg = Debug|Any CPU
		{3B8DFEAF-0C16-4841-AED5-8B68033B16C0}.Debug|Any CPU.Build.0 = Debug|Any CPU
		{3B8DFEAF-0C16-4841-AED5-8B68033B16C0}.Release|Any CPU.ActiveCfg = Release|Any CPU
		{3B8DFEAF-0C16-4841-AED5-8B68033B16C0}.Release|Any CPU.Build.0 = Release|Any CPU
	EndGlobalSection
	GlobalSection(SolutionProperties) = preSolution
		HideSolutionNode = FALSE
	EndGlobalSection
	GlobalSection(ExtensibilityGlobals) = postSolution
		SolutionGuid = {F6359773-D562-4424-8C3E-7A679AADA3D9}
	EndGlobalSection
EndGlobal
